
Microsoft Visual Studio Solution File, Format Version 12.00
# Visual Studio Version 16
VisualStudioVersion = 16.0.28803.452
MinimumVisualStudioVersion = 10.0.40219.1
Project("{2150E333-8FDC-42A3-9474-1A3956D46DE8}") = "src", "src", "{FC923A9F-7505-4F58-9031-07423631E9F9}"
EndProject
Project("{9A19103F-16F7-4668-BE54-9A1E7A4F7556}") = "Centauri.AuditLogging", "Centauri.AuditLogging\Centauri.AuditLogging.csproj", "{A337BBF9-8AA6-4F73-B010-ABE7145F40C9}"
EndProject
Project("{9A19103F-16F7-4668-BE54-9A1E7A4F7556}") = "Centauri.AuditLogging.EntityFramework", "Centauri.AuditLogging.EntityFramework\Centauri.AuditLogging.EntityFramework.csproj", "{593D76DF-A1DC-410B-8681-2F83975FB0A5}"
EndProject
Global
	GlobalSection(SolutionConfigurationPlatforms) = preSolution
		Debug|Any CPU = Debug|Any CPU
		Release|Any CPU = Release|Any CPU
	EndGlobalSection
	GlobalSection(ProjectConfigurationPlatforms) = postSolution
		{A337BBF9-8AA6-4F73-B010-ABE7145F40C9}.Debug|Any CPU.ActiveCfg = Debug|Any CPU
		{A337BBF9-8AA6-4F73-B010-ABE7145F40C9}.Debug|Any CPU.Build.0 = Debug|Any CPU
		{A337BBF9-8AA6-4F73-B010-ABE7145F40C9}.Release|Any CPU.ActiveCfg = Release|Any CPU
		{A337BBF9-8AA6-4F73-B010-ABE7145F40C9}.Release|Any CPU.Build.0 = Release|Any CPU
		{593D76DF-A1DC-410B-8681-2F83975FB0A5}.Debug|Any CPU.ActiveCfg = Debug|Any CPU
		{593D76DF-A1DC-410B-8681-2F83975FB0A5}.Debug|Any CPU.Build.0 = Debug|Any CPU
		{593D76DF-A1DC-410B-8681-2F83975FB0A5}.Release|Any CPU.ActiveCfg = Release|Any CPU
		{593D76DF-A1DC-410B-8681-2F83975FB0A5}.Release|Any CPU.Build.0 = Release|Any CPU
	EndGlobalSection
	GlobalSection(SolutionProperties) = preSolution
		HideSolutionNode = FALSE
	EndGlobalSection
	GlobalSection(NestedProjects) = preSolution
		{A337BBF9-8AA6-4F73-B010-ABE7145F40C9} = {FC923A9F-7505-4F58-9031-07423631E9F9}
		{593D76DF-A1DC-410B-8681-2F83975FB0A5} = {FC923A9F-7505-4F58-9031-07423631E9F9}
	EndGlobalSection
	GlobalSection(ExtensibilityGlobals) = postSolution
		SolutionGuid = {EF7B00EF-1390-47B3-9249-815FE87DC009}
	EndGlobalSection
EndGlobal
